
Microsoft Visual Studio Solution File, Format Version 12.00
# Visual Studio Version 16
VisualStudioVersion = 16.0.31313.79
MinimumVisualStudioVersion = 10.0.40219.1
Project("{FAE04EC0-301F-11D3-BF4B-00C04F79EFBC}") = "ProyFinal_DB_POO", "ProyFinal_DB_POO\ProyFinal_DB_POO.csproj", "{E7E06501-47C2-4110-817D-96A2F8B2DBCA}"
EndProject
Global
	GlobalSection(SolutionConfigurationPlatforms) = preSolution
		Debug|Any CPU = Debug|Any CPU
		Release|Any CPU = Release|Any CPU
	EndGlobalSection
	GlobalSection(ProjectConfigurationPlatforms) = postSolution
		{E7E06501-47C2-4110-817D-96A2F8B2DBCA}.Debug|Any CPU.ActiveCfg = Debug|Any CPU
		{E7E06501-47C2-4110-817D-96A2F8B2DBCA}.Debug|Any CPU.Build.0 = Debug|Any CPU
		{E7E06501-47C2-4110-817D-96A2F8B2DBCA}.Release|Any CPU.ActiveCfg = Release|Any CPU
		{E7E06501-47C2-4110-817D-96A2F8B2DBCA}.Release|Any CPU.Build.0 = Release|Any CPU
	EndGlobalSection
	GlobalSection(SolutionProperties) = preSolution
		HideSolutionNode = FALSE
	EndGlobalSection
	GlobalSection(ExtensibilityGlobals) = postSolution
		SolutionGuid = {E1B4AD1C-6639-427E-9A73-F4835F6A3B76}
	EndGlobalSection
EndGlobal
